
Microsoft Visual Studio Solution File, Format Version 12.00
# Visual Studio Version 17
VisualStudioVersion = 17.14.36518.9
MinimumVisualStudioVersion = 10.0.40219.1
Project("{FAE04EC0-301F-11D3-BF4B-00C04F79EFBC}") = "OAuthMFA", "OAuthMFA\OAuthMFA.csproj", "{A479B65F-5E26-4785-BA11-3F3A73B0C551}"
EndProject
Global
	GlobalSection(SolutionConfigurationPlatforms) = preSolution
		Debug|Any CPU = Debug|Any CPU
		Release|Any CPU = Release|Any CPU
	EndGlobalSection
	GlobalSection(ProjectConfigurationPlatforms) = postSolution
		{A479B65F-5E26-4785-BA11-3F3A73B0C551}.Debug|Any CPU.ActiveCfg = Debug|Any CPU
		{A479B65F-5E26-4785-BA11-3F3A73B0C551}.Debug|Any CPU.Build.0 = Debug|Any CPU
		{A479B65F-5E26-4785-BA11-3F3A73B0C551}.Release|Any CPU.ActiveCfg = Release|Any CPU
		{A479B65F-5E26-4785-BA11-3F3A73B0C551}.Release|Any CPU.Build.0 = Release|Any CPU
	EndGlobalSection
	GlobalSection(SolutionProperties) = preSolution
		HideSolutionNode = FALSE
	EndGlobalSection
	GlobalSection(ExtensibilityGlobals) = postSolution
		SolutionGuid = {564EB37A-8F46-439D-8978-71894B172A08}
	EndGlobalSection
EndGlobal
